// !$*UTF8*$!
{
	archiveVersion = 1;
	classes = {
	};
	objectVersion = 77;
	objects = {

/* Begin PBXContainerItemProxy section */
		B5D02D082DC4B34000E3F4A1 /* PBXContainerItemProxy */ = {
			isa = PBXContainerItemProxy;
			containerPortal = B5D02CF02DC4B33F00E3F4A1 /* Project object */;
			proxyType = 1;
			remoteGlobalIDString = B5D02CF72DC4B33F00E3F4A1;
			remoteInfo = TransitApp;
		};
		B5D02D122DC4B34000E3F4A1 /* PBXContainerItemProxy */ = {
			isa = PBXContainerItemProxy;
			containerPortal = B5D02CF02DC4B33F00E3F4A1 /* Project object */;
			proxyType = 1;
			remoteGlobalIDString = B5D02CF72DC4B33F00E3F4A1;
			remoteInfo = TransitApp;
		};
/* End PBXContainerItemProxy section */

/* Begin PBXFileReference section */
		B5D02CF82DC4B33F00E3F4A1 /* TransitApp.app */ = {isa = PBXFileReference; explicitFileType = wrapper.application; includeInIndex = 0; path = TransitApp.app; sourceTree = BUILT_PRODUCTS_DIR; };
		B5D02D072DC4B34000E3F4A1 /* TransitAppTests.xctest */ = {isa = PBXFileReference; explicitFileType = wrapper.cfbundle; includeInIndex = 0; path = TransitAppTests.xctest; sourceTree = BUILT_PRODUCTS_DIR; };
		B5D02D112DC4B34000E3F4A1 /* TransitAppUITests.xctest */ = {isa = PBXFileReference; explicitFileType = wrapper.cfbundle; includeInIndex = 0; path = TransitAppUITests.xctest; sourceTree = BUILT_PRODUCTS_DIR; };
/* End PBXFileReference section */

/* Begin PBXFileSystemSynchronizedRootGroup section */
		B5D02CFA2DC4B33F00E3F4A1 /* TransitApp */ = {
			isa = PBXFileSystemSynchronizedRootGroup;
			path = TransitApp;
			sourceTree = "<group>";
		};
		B5D02D0A2DC4B34000E3F4A1 /* TransitAppTests */ = {
			isa = PBXFileSystemSynchronizedRootGroup;
			path = TransitAppTests;
			sourceTree = "<group>";
		};
		B5D02D142DC4B34000E3F4A1 /* TransitAppUITests */ = {
			isa = PBXFileSystemSynchronizedRootGroup;
			path = TransitAppUITests;
			sourceTree = "<group>";
		};
/* End PBXFileSystemSynchronizedRootGroup section */

/* Begin PBXFrameworksBuildPhase section */
		B5D02CF52DC4B33F00E3F4A1 /* Frameworks */ = {
			isa = PBXFrameworksBuildPhase;
			buildActionMask = 2147483647;
			files = (
			);
			runOnlyForDeploymentPostprocessing = 0;
		};
		B5D02D042DC4B34000E3F4A1 /* Frameworks */ = {
			isa = PBXFrameworksBuildPhase;
			buildActionMask = 2147483647;
			files = (
			);
			runOnlyForDeploymentPostprocessing = 0;
		};
		B5D02D0E2DC4B34000E3F4A1 /* Frameworks */ = {
			isa = PBXFrameworksBuildPhase;
			buildActionMask = 2147483647;
			files = (
			);
			runOnlyForDeploymentPostprocessing = 0;
		};
/* End PBXFrameworksBuildPhase section */

/* Begin PBXGroup section */
		B5D02CEF2DC4B33F00E3F4A1 = {
			isa = PBXGroup;
			children = (
				B5D02CFA2DC4B33F00E3F4A1 /* TransitApp */,
				B5D02D0A2DC4B34000E3F4A1 /* TransitAppTests */,
				B5D02D142DC4B34000E3F4A1 /* TransitAppUITests */,
				B5D02CF92DC4B33F00E3F4A1 /* Products */,
			);
			sourceTree = "<group>";
		};
		B5D02CF92DC4B33F00E3F4A1 /* Products */ = {
			isa = PBXGroup;
			children = (
				B5D02CF82DC4B33F00E3F4A1 /* TransitApp.app */,
				B5D02D072DC4B34000E3F4A1 /* TransitAppTests.xctest */,
				B5D02D112DC4B34000E3F4A1 /* TransitAppUITests.xctest */,
			);
			name = Products;
			sourceTree = "<group>";
		};
/* End PBXGroup section */

/* Begin PBXNativeTarget section */
		B5D02CF72DC4B33F00E3F4A1 /* TransitApp */ = {
			isa = PBXNativeTarget;
			buildConfigurationList = B5D02D1B2DC4B34000E3F4A1 /* Build configuration list for PBXNativeTarget "TransitApp" */;
			buildPhases = (
				B5D02CF42DC4B33F00E3F4A1 /* Sources */,
				B5D02CF52DC4B33F00E3F4A1 /* Frameworks */,
				B5D02CF62DC4B33F00E3F4A1 /* Resources */,
			);
			buildRules = (
			);
			dependencies = (
			);
			fileSystemSynchronizedGroups = (
				B5D02CFA2DC4B33F00E3F4A1 /* TransitApp */,
			);
			name = TransitApp;
			packageProductDependencies = (
			);
			productName = TransitApp;
			productReference = B5D02CF82DC4B33F00E3F4A1 /* TransitApp.app */;
			productType = "com.apple.product-type.application";
		};
		B5D02D062DC4B34000E3F4A1 /* TransitAppTests */ = {
			isa = PBXNativeTarget;
			buildConfigurationList = B5D02D1E2DC4B34000E3F4A1 /* Build configuration list for PBXNativeTarget "TransitAppTests" */;
			buildPhases = (
				B5D02D032DC4B34000E3F4A1 /* Sources */,
				B5D02D042DC4B34000E3F4A1 /* Frameworks */,
				B5D02D052DC4B34000E3F4A1 /* Resources */,
			);
			buildRules = (
			);
			dependencies = (
				B5D02D092DC4B34000E3F4A1 /* PBXTargetDependency */,
			);
			fileSystemSynchronizedGroups = (
				B5D02D0A2DC4B34000E3F4A1 /* TransitAppTests */,
			);
			name = TransitAppTests;
			packageProductDependencies = (
			);
			productName = TransitAppTests;
			productReference = B5D02D072DC4B34000E3F4A1 /* TransitAppTests.xctest */;
			productType = "com.apple.product-type.bundle.unit-test";
		};
		B5D02D102DC4B34000E3F4A1 /* TransitAppUITests */ = {
			isa = PBXNativeTarget;
			buildConfigurationList = B5D02D212DC4B34000E3F4A1 /* Build configuration list for PBXNativeTarget "TransitAppUITests" */;
			buildPhases = (
				B5D02D0D2DC4B34000E3F4A1 /* Sources */,
				B5D02D0E2DC4B34000E3F4A1 /* Frameworks */,
				B5D02D0F2DC4B34000E3F4A1 /* Resources */,
			);
			buildRules = (
			);
			dependencies = (
				B5D02D132DC4B34000E3F4A1 /* PBXTargetDependency */,
			);
			fileSystemSynchronizedGroups = (
				B5D02D142DC4B34000E3F4A1 /* TransitAppUITests */,
			);
			name = TransitAppUITests;
			packageProductDependencies = (
			);
			productName = TransitAppUITests;
			productReference = B5D02D112DC4B34000E3F4A1 /* TransitAppUITests.xctest */;
			productType = "com.apple.product-type.bundle.ui-testing";
		};
/* End PBXNativeTarget section */

/* Begin PBXProject section */
		B5D02CF02DC4B33F00E3F4A1 /* Project object */ = {
			isa = PBXProject;
			attributes = {
				BuildIndependentTargetsInParallel = 1;
				LastSwiftUpdateCheck = 1630;
				LastUpgradeCheck = 1630;
				TargetAttributes = {
					B5D02CF72DC4B33F00E3F4A1 = {
						CreatedOnToolsVersion = 16.3;
					};
					B5D02D062DC4B34000E3F4A1 = {
						CreatedOnToolsVersion = 16.3;
						TestTargetID = B5D02CF72DC4B33F00E3F4A1;
					};
					B5D02D102DC4B34000E3F4A1 = {
						CreatedOnToolsVersion = 16.3;
						TestTargetID = B5D02CF72DC4B33F00E3F4A1;
					};
				};
			};
			buildConfigurationList = B5D02CF32DC4B33F00E3F4A1 /* Build configuration list for PBXProject "TransitApp" */;
			developmentRegion = en;
			hasScannedForEncodings = 0;
			knownRegions = (
				en,
				Base,
			);
			mainGroup = B5D02CEF2DC4B33F00E3F4A1;
			minimizedProjectReferenceProxies = 1;
			preferredProjectObjectVersion = 77;
			productRefGroup = B5D02CF92DC4B33F00E3F4A1 /* Products */;
			projectDirPath = "";
			projectRoot = "";
			targets = (
				B5D02CF72DC4B33F00E3F4A1 /* TransitApp */,
				B5D02D062DC4B34000E3F4A1 /* TransitAppTests */,
				B5D02D102DC4B34000E3F4A1 /* TransitAppUITests */,
			);
		};
/* End PBXProject section */

/* Begin PBXResourcesBuildPhase section */
		B5D02CF62DC4B33F00E3F4A1 /* Resources */ = {
			isa = PBXResourcesBuildPhase;
			buildActionMask = 2147483647;
			files = (
			);
			runOnlyForDeploymentPostprocessing = 0;
		};
		B5D02D052DC4B34000E3F4A1 /* Resources */ = {
			isa = PBXResourcesBuildPhase;
			buildActionMask = 2147483647;
			files = (
			);
			runOnlyForDeploymentPostprocessing = 0;
		};
		B5D02D0F2DC4B34000E3F4A1 /* Resources */ = {
			isa = PBXResourcesBuildPhase;
			buildActionMask = 2147483647;
			files = (
			);
			runOnlyForDeploymentPostprocessing = 0;
		};
/* End PBXResourcesBuildPhase section */

/* Begin PBXSourcesBuildPhase section */
		B5D02CF42DC4B33F00E3F4A1 /* Sources */ = {
			isa = PBXSourcesBuildPhase;
			buildActionMask = 2147483647;
			files = (
			);
			runOnlyForDeploymentPostprocessing = 0;
		};
		B5D02D032DC4B34000E3F4A1 /* Sources */ = {
			isa = PBXSourcesBuildPhase;
			buildActionMask = 2147483647;
			files = (
			);
			runOnlyForDeploymentPostprocessing = 0;
		};
		B5D02D0D2DC4B34000E3F4A1 /* Sources */ = {
			isa = PBXSourcesBuildPhase;
			buildActionMask = 2147483647;
			files = (
			);
			runOnlyForDeploymentPostprocessing = 0;
		};
/* End PBXSourcesBuildPhase section */

/* Begin PBXTargetDependency section */
		B5D02D092DC4B34000E3F4A1 /* PBXTargetDependency */ = {
			isa = PBXTargetDependency;
			target = B5D02CF72DC4B33F00E3F4A1 /* TransitApp */;
			targetProxy = B5D02D082DC4B34000E3F4A1 /* PBXContainerItemProxy */;
		};
		B5D02D132DC4B34000E3F4A1 /* PBXTargetDependency */ = {
			isa = PBXTargetDependency;
			target = B5D02CF72DC4B33F00E3F4A1 /* TransitApp */;
			targetProxy = B5D02D122DC4B34000E3F4A1 /* PBXContainerItemProxy */;
		};
/* End PBXTargetDependency section */

/* Begin XCBuildConfiguration section */
		B5D02D192DC4B34000E3F4A1 /* Debug */ = {
			isa = XCBuildConfiguration;
			buildSettings = {
				ALWAYS_SEARCH_USER_PATHS = NO;
				ASSETCATALOG_COMPILER_GENERATE_SWIFT_ASSET_SYMBOL_EXTENSIONS = YES;
				CLANG_ANALYZER_NONNULL = YES;
				CLANG_ANALYZER_NUMBER_OBJECT_CONVERSION = YES_AGGRESSIVE;
				CLANG_CXX_LANGUAGE_STANDARD = "gnu++20";
				CLANG_ENABLE_MODULES = YES;
				CLANG_ENABLE_OBJC_ARC = YES;
				CLANG_ENABLE_OBJC_WEAK = YES;
				CLANG_WARN_BLOCK_CAPTURE_AUTORELEASING = YES;
				CLANG_WARN_BOOL_CONVERSION = YES;
				CLANG_WARN_COMMA = YES;
				CLANG_WARN_CONSTANT_CONVERSION = YES;
				CLANG_WARN_DEPRECATED_OBJC_IMPLEMENTATIONS = YES;
				CLANG_WARN_DIRECT_OBJC_ISA_USAGE = YES_ERROR;
				CLANG_WARN_DOCUMENTATION_COMMENTS = YES;
				CLANG_WARN_EMPTY_BODY = YES;
				CLANG_WARN_ENUM_CONVERSION = YES;
				CLANG_WARN_INFINITE_RECURSION = YES;
				CLANG_WARN_INT_CONVERSION = YES;
				CLANG_WARN_NON_LITERAL_NULL_CONVERSION = YES;
				CLANG_WARN_OBJC_IMPLICIT_RETAIN_SELF = YES;
				CLANG_WARN_OBJC_LITERAL_CONVERSION = YES;
				CLANG_WARN_OBJC_ROOT_CLASS = YES_ERROR;
				CLANG_WARN_QUOTED_INCLUDE_IN_FRAMEWORK_HEADER = YES;
				CLANG_WARN_RANGE_LOOP_ANALYSIS = YES;
				CLANG_WARN_STRICT_PROTOTYPES = YES;
				CLANG_WARN_SUSPICIOUS_MOVE = YES;
				CLANG_WARN_UNGUARDED_AVAILABILITY = YES_AGGRESSIVE;
				CLANG_WARN_UNREACHABLE_CODE = YES;
				CLANG_WARN__DUPLICATE_METHOD_MATCH = YES;
				COPY_PHASE_STRIP = NO;
				DEBUG_INFORMATION_FORMAT = dwarf;
				DEVELOPMENT_TEAM = YF7FS9PPWD;
				ENABLE_STRICT_OBJC_MSGSEND = YES;
				ENABLE_TESTABILITY = YES;
				ENABLE_USER_SCRIPT_SANDBOXING = YES;
				GCC_C_LANGUAGE_STANDARD = gnu17;
				GCC_DYNAMIC_NO_PIC = NO;
				GCC_NO_COMMON_BLOCKS = YES;
				GCC_OPTIMIZATION_LEVEL = 0;
				GCC_PREPROCESSOR_DEFINITIONS = (
					"DEBUG=1",
					"$(inherited)",
				);
				GCC_WARN_64_TO_32_BIT_CONVERSION = YES;
				GCC_WARN_ABOUT_RETURN_TYPE = YES_ERROR;
				GCC_WARN_UNDECLARED_SELECTOR = YES;
				GCC_WARN_UNINITIALIZED_AUTOS = YES_AGGRESSIVE;
				GCC_WARN_UNUSED_FUNCTION = YES;
				GCC_WARN_UNUSED_VARIABLE = YES;
				IPHONEOS_DEPLOYMENT_TARGET = 18.4;
				LOCALIZATION_PREFERS_STRING_CATALOGS = YES;
				MTL_ENABLE_DEBUG_INFO = INCLUDE_SOURCE;
				MTL_FAST_MATH = YES;
				ONLY_ACTIVE_ARCH = YES;
				SDKROOT = iphoneos;
				SWIFT_ACTIVE_COMPILATION_CONDITIONS = "DEBUG $(inherited)";
				SWIFT_OPTIMIZATION_LEVEL = "-Onone";
			};
			name = Debug;
		};
		B5D02D1A2DC4B34000E3F4A1 /* Release */ = {
			isa = XCBuildConfiguration;
			buildSettings = {
				ALWAYS_SEARCH_USER_PATHS = NO;
				ASSETCATALOG_COMPILER_GENERATE_SWIFT_ASSET_SYMBOL_EXTENSIONS = YES;
				CLANG_ANALYZER_NONNULL = YES;
				CLANG_ANALYZER_NUMBER_OBJECT_CONVERSION = YES_AGGRESSIVE;
				CLANG_CXX_LANGUAGE_STANDARD = "gnu++20";
				CLANG_ENABLE_MODULES = YES;
				CLANG_ENABLE_OBJC_ARC = YES;
				CLANG_ENABLE_OBJC_WEAK = YES;
				CLANG_WARN_BLOCK_CAPTURE_AUTORELEASING = YES;
				CLANG_WARN_BOOL_CONVERSION = YES;
				CLANG_WARN_COMMA = YES;
				CLANG_WARN_CONSTANT_CONVERSION = YES;
				CLANG_WARN_DEPRECATED_OBJC_IMPLEMENTATIONS = YES;
				CLANG_WARN_DIRECT_OBJC_ISA_USAGE = YES_ERROR;
				CLANG_WARN_DOCUMENTATION_COMMENTS = YES;
				CLANG_WARN_EMPTY_BODY = YES;
				CLANG_WARN_ENUM_CONVERSION = YES;
				CLANG_WARN_INFINITE_RECURSION = YES;
				CLANG_WARN_INT_CONVERSION = YES;
				CLANG_WARN_NON_LITERAL_NULL_CONVERSION = YES;
				CLANG_WARN_OBJC_IMPLICIT_RETAIN_SELF = YES;
				CLANG_WARN_OBJC_LITERAL_CONVERSION = YES;
				CLANG_WARN_OBJC_ROOT_CLASS = YES_ERROR;
				CLANG_WARN_QUOTED_INCLUDE_IN_FRAMEWORK_HEADER = YES;
				CLANG_WARN_RANGE_LOOP_ANALYSIS = YES;
				CLANG_WARN_STRICT_PROTOTYPES = YES;
				CLANG_WARN_SUSPICIOUS_MOVE = YES;
				CLANG_WARN_UNGUARDED_AVAILABILITY = YES_AGGRESSIVE;
				CLANG_WARN_UNREACHABLE_CODE = YES;
				CLANG_WARN__DUPLICATE_METHOD_MATCH = YES;
				COPY_PHASE_STRIP = NO;
				DEBUG_INFORMATION_FORMAT = "dwarf-with-dsym";
				DEVELOPMENT_TEAM = YF7FS9PPWD;
				ENABLE_NS_ASSERTIONS = NO;
				ENABLE_STRICT_OBJC_MSGSEND = YES;
				ENABLE_USER_SCRIPT_SANDBOXING = YES;
				GCC_C_LANGUAGE_STANDARD = gnu17;
				GCC_NO_COMMON_BLOCKS = YES;
				GCC_WARN_64_TO_32_BIT_CONVERSION = YES;
				GCC_WARN_ABOUT_RETURN_TYPE = YES_ERROR;
				GCC_WARN_UNDECLARED_SELECTOR = YES;
				GCC_WARN_UNINITIALIZED_AUTOS = YES_AGGRESSIVE;
				GCC_WARN_UNUSED_FUNCTION = YES;
				GCC_WARN_UNUSED_VARIABLE = YES;
				IPHONEOS_DEPLOYMENT_TARGET = 18.4;
				LOCALIZATION_PREFERS_STRING_CATALOGS = YES;
				MTL_ENABLE_DEBUG_INFO = NO;
				MTL_FAST_MATH = YES;
				SDKROOT = iphoneos;
				SWIFT_COMPILATION_MODE = wholemodule;
				VALIDATE_PRODUCT = YES;
			};
			name = Release;
		};
		B5D02D1C2DC4B34000E3F4A1 /* Debug */ = {
			isa = XCBuildConfiguration;
			buildSettings = {
				ASSETCATALOG_COMPILER_APPICON_NAME = AppIcon;
				ASSETCATALOG_COMPILER_GLOBAL_ACCENT_COLOR_NAME = AccentColor;
				CODE_SIGN_STYLE = Automatic;
				CURRENT_PROJECT_VERSION = 1;
				DEVELOPMENT_TEAM = YF7FS9PPWD;
				ENABLE_PREVIEWS = YES;
				GENERATE_INFOPLIST_FILE = YES;
				INFOPLIST_KEY_UIApplicationSceneManifest_Generation = YES;
				INFOPLIST_KEY_UIApplicationSupportsIndirectInputEvents = YES;
				INFOPLIST_KEY_UILaunchScreen_Generation = YES;
				INFOPLIST_KEY_UISupportedInterfaceOrientations_iPad = "UIInterfaceOrientationPortrait UIInterfaceOrientationPortraitUpsideDown UIInterfaceOrientationLandscapeLeft UIInterfaceOrientationLandscapeRight";
				INFOPLIST_KEY_UISupportedInterfaceOrientations_iPhone = "UIInterfaceOrientationPortrait UIInterfaceOrientationLandscapeLeft UIInterfaceOrientationLandscapeRight";
				LD_RUNPATH_SEARCH_PATHS = (
					"$(inherited)",
					"@executable_path/Frameworks",
				);
				MARKETING_VERSION = 1.0;
				PRODUCT_BUNDLE_IDENTIFIER = name.henrylam.TransitApp;
				PRODUCT_NAME = "$(TARGET_NAME)";
				SWIFT_EMIT_LOC_STRINGS = YES;
				SWIFT_VERSION = 5.0;
				TARGETED_DEVICE_FAMILY = "1,2";
			};
			name = Debug;
		};
		B5D02D1D2DC4B34000E3F4A1 /* Release */ = {
			isa = XCBuildConfiguration;
			buildSettings = {
				ASSETCATALOG_COMPILER_APPICON_NAME = AppIcon;
				ASSETCATALOG_COMPILER_GLOBAL_ACCENT_COLOR_NAME = AccentColor;
				CODE_SIGN_STYLE = Automatic;
				CURRENT_PROJECT_VERSION = 1;
				DEVELOPMENT_TEAM = YF7FS9PPWD;
				ENABLE_PREVIEWS = YES;
				GENERATE_INFOPLIST_FILE = YES;
				INFOPLIST_KEY_UIApplicationSceneManifest_Generation = YES;
				INFOPLIST_KEY_UIApplicationSupportsIndirectInputEvents = YES;
				INFOPLIST_KEY_UILaunchScreen_Generation = YES;
				INFOPLIST_KEY_UISupportedInterfaceOrientations_iPad = "UIInterfaceOrientationPortrait UIInterfaceOrientationPortraitUpsideDown UIInterfaceOrientationLandscapeLeft UIInterfaceOrientationLandscapeRight";
				INFOPLIST_KEY_UISupportedInterfaceOrientations_iPhone = "UIInterfaceOrientationPortrait UIInterfaceOrientationLandscapeLeft UIInterfaceOrientationLandscapeRight";
				LD_RUNPATH_SEARCH_PATHS = (
					"$(inherited)",
					"@executable_path/Frameworks",
				);
				MARKETING_VERSION = 1.0;
				PRODUCT_BUNDLE_IDENTIFIER = name.henrylam.TransitApp;
				PRODUCT_NAME = "$(TARGET_NAME)";
				SWIFT_EMIT_LOC_STRINGS = YES;
				SWIFT_VERSION = 5.0;
				TARGETED_DEVICE_FAMILY = "1,2";
			};
			name = Release;
		};
		B5D02D1F2DC4B34000E3F4A1 /* Debug */ = {
			isa = XCBuildConfiguration;
			buildSettings = {
				BUNDLE_LOADER = "$(TEST_HOST)";
				CODE_SIGN_STYLE = Automatic;
				CURRENT_PROJECT_VERSION = 1;
				DEVELOPMENT_TEAM = YF7FS9PPWD;
				GENERATE_INFOPLIST_FILE = YES;
				IPHONEOS_DEPLOYMENT_TARGET = 18.4;
				MARKETING_VERSION = 1.0;
				PRODUCT_BUNDLE_IDENTIFIER = name.henrylam.TransitAppTests;
				PRODUCT_NAME = "$(TARGET_NAME)";
				SWIFT_EMIT_LOC_STRINGS = NO;
				SWIFT_VERSION = 5.0;
				TARGETED_DEVICE_FAMILY = "1,2";
				TEST_HOST = "$(BUILT_PRODUCTS_DIR)/TransitApp.app/$(BUNDLE_EXECUTABLE_FOLDER_PATH)/TransitApp";
			};
			name = Debug;
		};
		B5D02D202DC4B34000E3F4A1 /* Release */ = {
			isa = XCBuildConfiguration;
			buildSettings = {
				BUNDLE_LOADER = "$(TEST_HOST)";
				CODE_SIGN_STYLE = Automatic;
				CURRENT_PROJECT_VERSION = 1;
				DEVELOPMENT_TEAM = YF7FS9PPWD;
				GENERATE_INFOPLIST_FILE = YES;
				IPHONEOS_DEPLOYMENT_TARGET = 18.4;
				MARKETING_VERSION = 1.0;
				PRODUCT_BUNDLE_IDENTIFIER = name.henrylam.TransitAppTests;
				PRODUCT_NAME = "$(TARGET_NAME)";
				SWIFT_EMIT_LOC_STRINGS = NO;
				SWIFT_VERSION = 5.0;
				TARGETED_DEVICE_FAMILY = "1,2";
				TEST_HOST = "$(BUILT_PRODUCTS_DIR)/TransitApp.app/$(BUNDLE_EXECUTABLE_FOLDER_PATH)/TransitApp";
			};
			name = Release;
		};
		B5D02D222DC4B34000E3F4A1 /* Debug */ = {
			isa = XCBuildConfiguration;
			buildSettings = {
				CODE_SIGN_STYLE = Automatic;
				CURRENT_PROJECT_VERSION = 1;
				DEVELOPMENT_TEAM = YF7FS9PPWD;
				GENERATE_INFOPLIST_FILE = YES;
				MARKETING_VERSION = 1.0;
				PRODUCT_BUNDLE_IDENTIFIER = name.henrylam.TransitAppUITests;
				PRODUCT_NAME = "$(TARGET_NAME)";
				SWIFT_EMIT_LOC_STRINGS = NO;
				SWIFT_VERSION = 5.0;
				TARGETED_DEVICE_FAMILY = "1,2";
				TEST_TARGET_NAME = TransitApp;
			};
			name = Debug;
		};
		B5D02D232DC4B34000E3F4A1 /* Release */ = {
			isa = XCBuildConfiguration;
			buildSettings = {
				CODE_SIGN_STYLE = Automatic;
				CURRENT_PROJECT_VERSION = 1;
				DEVELOPMENT_TEAM = YF7FS9PPWD;
				GENERATE_INFOPLIST_FILE = YES;
				MARKETING_VERSION = 1.0;
				PRODUCT_BUNDLE_IDENTIFIER = name.henrylam.TransitAppUITests;
				PRODUCT_NAME = "$(TARGET_NAME)";
				SWIFT_EMIT_LOC_STRINGS = NO;
				SWIFT_VERSION = 5.0;
				TARGETED_DEVICE_FAMILY = "1,2";
				TEST_TARGET_NAME = TransitApp;
			};
			name = Release;
		};
/* End XCBuildConfiguration section */

/* Begin XCConfigurationList section */
		B5D02CF32DC4B33F00E3F4A1 /* Build configuration list for PBXProject "TransitApp" */ = {
			isa = XCConfigurationList;
			buildConfigurations = (
				B5D02D192DC4B34000E3F4A1 /* Debug */,
				B5D02D1A2DC4B34000E3F4A1 /* Release */,
			);
			defaultConfigurationIsVisible = 0;
			defaultConfigurationName = Release;
		};
		B5D02D1B2DC4B34000E3F4A1 /* Build configuration list for PBXNativeTarget "TransitApp" */ = {
			isa = XCConfigurationList;
			buildConfigurations = (
				B5D02D1C2DC4B34000E3F4A1 /* Debug */,
				B5D02D1D2DC4B34000E3F4A1 /* Release */,
			);
			defaultConfigurationIsVisible = 0;
			defaultConfigurationName = Release;
		};
		B5D02D1E2DC4B34000E3F4A1 /* Build configuration list for PBXNativeTarget "TransitAppTests" */ = {
			isa = XCConfigurationList;
			buildConfigurations = (
				B5D02D1F2DC4B34000E3F4A1 /* Debug */,
				B5D02D202DC4B34000E3F4A1 /* Release */,
			);
			defaultConfigurationIsVisible = 0;
			defaultConfigurationName = Release;
		};
		B5D02D212DC4B34000E3F4A1 /* Build configuration list for PBXNativeTarget "TransitAppUITests" */ = {
			isa = XCConfigurationList;
			buildConfigurations = (
				B5D02D222DC4B34000E3F4A1 /* Debug */,
				B5D02D232DC4B34000E3F4A1 /* Release */,
			);
			defaultConfigurationIsVisible = 0;
			defaultConfigurationName = Release;
		};
/* End XCConfigurationList section */
	};
	rootObject = B5D02CF02DC4B33F00E3F4A1 /* Project object */;
}
